
Microsoft Visual Studio Solution File, Format Version 12.00
# Visual Studio Version 17
VisualStudioVersion = 17.9.34728.123
MinimumVisualStudioVersion = 10.0.40219.1
Project("{FAE04EC0-301F-11D3-BF4B-00C04F79EFBC}") = "Veldig kek", "Veldig kek.csproj", "{77702C48-1BE3-4477-83B1-9C9486E932F0}"
EndProject
Global
	GlobalSection(SolutionConfigurationPlatforms) = preSolution
		Debug|Any CPU = Debug|Any CPU
		Release|Any CPU = Release|Any CPU
	EndGlobalSection
	GlobalSection(ProjectConfigurationPlatforms) = postSolution
		{77702C48-1BE3-4477-83B1-9C9486E932F0}.Debug|Any CPU.ActiveCfg = Debug|Any CPU
		{77702C48-1BE3-4477-83B1-9C9486E932F0}.Debug|Any CPU.Build.0 = Debug|Any CPU
		{77702C48-1BE3-4477-83B1-9C9486E932F0}.Release|Any CPU.ActiveCfg = Release|Any CPU
		{77702C48-1BE3-4477-83B1-9C9486E932F0}.Release|Any CPU.Build.0 = Release|Any CPU
	EndGlobalSection
	GlobalSection(SolutionProperties) = preSolution
		HideSolutionNode = FALSE
	EndGlobalSection
	GlobalSection(ExtensibilityGlobals) = postSolution
		SolutionGuid = {4DC8B7B5-30CF-4AE5-8A56-462C74C6BDEE}
	EndGlobalSection
EndGlobal
